
Microsoft Visual Studio Solution File, Format Version 12.00
# Visual Studio Version 17
VisualStudioVersion = 17.8.34330.188
MinimumVisualStudioVersion = 10.0.40219.1
Project("{9A19103F-16F7-4668-BE54-9A1E7A4F7556}") = "dotnetLearning", "src\dotnetLearning\dotnetLearning.csproj", "{01232751-E010-4470-BF5D-1AD7716E8440}"
EndProject
Project("{9A19103F-16F7-4668-BE54-9A1E7A4F7556}") = "AspNetCore.WebApi", "src\AspNetCore.WebApi\AspNetCore.WebApi.csproj", "{795EC67C-CAE0-4AD1-9C84-6F6DE3ADA553}"
EndProject
Project("{9A19103F-16F7-4668-BE54-9A1E7A4F7556}") = "Factories.WebApi.DAL", "src\Factories.WebApi.DAL\Factories.WebApi.DAL.csproj", "{0F3392F9-90E8-4ECD-B479-35F0CD399369}"
EndProject
Project("{9A19103F-16F7-4668-BE54-9A1E7A4F7556}") = "Factories.WebApi.BLL", "src\Factories.WebApi.BLL\Factories.WebApi.BLL.csproj", "{6D94965B-897C-4FDF-8E5C-29B7C005D1B2}"
	ProjectSection(ProjectDependencies) = postProject
		{0F3392F9-90E8-4ECD-B479-35F0CD399369} = {0F3392F9-90E8-4ECD-B479-35F0CD399369}
	EndProjectSection
EndProject
Project("{9A19103F-16F7-4668-BE54-9A1E7A4F7556}") = "Factories.WebApi.NUnitTests", "src\Factories.WebApi.NUnitTests\Factories.WebApi.NUnitTests.csproj", "{8B9336A9-9ADD-42EA-B730-2DCAFA363070}"
EndProject
Project("{9A19103F-16F7-4668-BE54-9A1E7A4F7556}") = "Factories.WebApi.XUnitTests", "src\Factories.WebApi.XUnitTests\Factories.WebApi.XUnitTests.csproj", "{864CD5DC-A198-4D2B-89D7-D22122C22D9B}"
EndProject
Project("{9A19103F-16F7-4668-BE54-9A1E7A4F7556}") = "Factories.WebApi.PL", "src\Factories.WebApi.PL\Factories.WebApi.PL.csproj", "{9C47B76A-90B6-4BA9-A00F-6E2F8F871A11}"
EndProject
Project("{2150E333-8FDC-42A3-9474-1A3956D46DE8}") = "Элементы решения", "Элементы решения", "{75311644-0BFA-44CE-A153-368AE6C21772}"
	ProjectSection(SolutionItems) = preProject
		Dockerfile = Dockerfile
	EndProjectSection
EndProject
Project("{E53339B2-1760-4266-BCC7-CA923CBCF16C}") = "docker-compose", "docker-compose.dcproj", "{A06EF189-EC76-4D41-96D1-C1CF7556816A}"
EndProject
Global
	GlobalSection(SolutionConfigurationPlatforms) = preSolution
		Debug|Any CPU = Debug|Any CPU
		Release|Any CPU = Release|Any CPU
	EndGlobalSection
	GlobalSection(ProjectConfigurationPlatforms) = postSolution
		{01232751-E010-4470-BF5D-1AD7716E8440}.Debug|Any CPU.ActiveCfg = Debug|Any CPU
		{01232751-E010-4470-BF5D-1AD7716E8440}.Debug|Any CPU.Build.0 = Debug|Any CPU
		{01232751-E010-4470-BF5D-1AD7716E8440}.Release|Any CPU.ActiveCfg = Release|Any CPU
		{01232751-E010-4470-BF5D-1AD7716E8440}.Release|Any CPU.Build.0 = Release|Any CPU
		{795EC67C-CAE0-4AD1-9C84-6F6DE3ADA553}.Debug|Any CPU.ActiveCfg = Debug|Any CPU
		{795EC67C-CAE0-4AD1-9C84-6F6DE3ADA553}.Debug|Any CPU.Build.0 = Debug|Any CPU
		{795EC67C-CAE0-4AD1-9C84-6F6DE3ADA553}.Release|Any CPU.ActiveCfg = Release|Any CPU
		{795EC67C-CAE0-4AD1-9C84-6F6DE3ADA553}.Release|Any CPU.Build.0 = Release|Any CPU
		{0F3392F9-90E8-4ECD-B479-35F0CD399369}.Debug|Any CPU.ActiveCfg = Debug|Any CPU
		{0F3392F9-90E8-4ECD-B479-35F0CD399369}.Debug|Any CPU.Build.0 = Debug|Any CPU
		{0F3392F9-90E8-4ECD-B479-35F0CD399369}.Release|Any CPU.ActiveCfg = Release|Any CPU
		{0F3392F9-90E8-4ECD-B479-35F0CD399369}.Release|Any CPU.Build.0 = Release|Any CPU
		{6D94965B-897C-4FDF-8E5C-29B7C005D1B2}.Debug|Any CPU.ActiveCfg = Debug|Any CPU
		{6D94965B-897C-4FDF-8E5C-29B7C005D1B2}.Debug|Any CPU.Build.0 = Debug|Any CPU
		{6D94965B-897C-4FDF-8E5C-29B7C005D1B2}.Release|Any CPU.ActiveCfg = Release|Any CPU
		{6D94965B-897C-4FDF-8E5C-29B7C005D1B2}.Release|Any CPU.Build.0 = Release|Any CPU
		{8B9336A9-9ADD-42EA-B730-2DCAFA363070}.Debug|Any CPU.ActiveCfg = Debug|Any CPU
		{8B9336A9-9ADD-42EA-B730-2DCAFA363070}.Debug|Any CPU.Build.0 = Debug|Any CPU
		{8B9336A9-9ADD-42EA-B730-2DCAFA363070}.Release|Any CPU.ActiveCfg = Release|Any CPU
		{8B9336A9-9ADD-42EA-B730-2DCAFA363070}.Release|Any CPU.Build.0 = Release|Any CPU
		{864CD5DC-A198-4D2B-89D7-D22122C22D9B}.Debug|Any CPU.ActiveCfg = Debug|Any CPU
		{864CD5DC-A198-4D2B-89D7-D22122C22D9B}.Debug|Any CPU.Build.0 = Debug|Any CPU
		{864CD5DC-A198-4D2B-89D7-D22122C22D9B}.Release|Any CPU.ActiveCfg = Release|Any CPU
		{864CD5DC-A198-4D2B-89D7-D22122C22D9B}.Release|Any CPU.Build.0 = Release|Any CPU
		{9C47B76A-90B6-4BA9-A00F-6E2F8F871A11}.Debug|Any CPU.ActiveCfg = Debug|Any CPU
		{9C47B76A-90B6-4BA9-A00F-6E2F8F871A11}.Debug|Any CPU.Build.0 = Debug|Any CPU
		{9C47B76A-90B6-4BA9-A00F-6E2F8F871A11}.Release|Any CPU.ActiveCfg = Release|Any CPU
		{9C47B76A-90B6-4BA9-A00F-6E2F8F871A11}.Release|Any CPU.Build.0 = Release|Any CPU
		{A06EF189-EC76-4D41-96D1-C1CF7556816A}.Debug|Any CPU.ActiveCfg = Debug|Any CPU
		{A06EF189-EC76-4D41-96D1-C1CF7556816A}.Debug|Any CPU.Build.0 = Debug|Any CPU
		{A06EF189-EC76-4D41-96D1-C1CF7556816A}.Release|Any CPU.ActiveCfg = Release|Any CPU
		{A06EF189-EC76-4D41-96D1-C1CF7556816A}.Release|Any CPU.Build.0 = Release|Any CPU
	EndGlobalSection
	GlobalSection(SolutionProperties) = preSolution
		HideSolutionNode = FALSE
	EndGlobalSection
	GlobalSection(ExtensibilityGlobals) = postSolution
		SolutionGuid = {51E7E42A-8D53-48E9-B7B8-69729C0AF80B}
	EndGlobalSection
EndGlobal
